// !$*UTF8*$!
{
	archiveVersion = 1;
	classes = {
	};
	objectVersion = 48;
	objects = {

/* Begin PBXBuildFile section */
		363D31351FD8E4810081262F /* ImageDisplayable.framework in Frameworks */ = {isa = PBXBuildFile; fileRef = 363D312B1FD8E4810081262F /* ImageDisplayable.framework */; };
		363D313A1FD8E4810081262F /* ImageDisplayableTests.swift in Sources */ = {isa = PBXBuildFile; fileRef = 363D31391FD8E4810081262F /* ImageDisplayableTests.swift */; };
		36DC2E9C1FD8EA76009BA68F /* ImageDisplayable.h in Headers */ = {isa = PBXBuildFile; fileRef = 36DC2E9B1FD8EA76009BA68F /* ImageDisplayable.h */; settings = {ATTRIBUTES = (Public, ); }; };
		36DC2E9E1FD8EAF4009BA68F /* ImageDisplayable.swift in Sources */ = {isa = PBXBuildFile; fileRef = 36DC2E9D1FD8EAF4009BA68F /* ImageDisplayable.swift */; };
/* End PBXBuildFile section */

/* Begin PBXContainerItemProxy section */
		363D31361FD8E4810081262F /* PBXContainerItemProxy */ = {
			isa = PBXContainerItemProxy;
			containerPortal = 363D31221FD8E4810081262F /* Project object */;
			proxyType = 1;
			remoteGlobalIDString = 363D312A1FD8E4810081262F;
			remoteInfo = ImageDisplayable;
		};
/* End PBXContainerItemProxy section */

/* Begin PBXFileReference section */
		363D312B1FD8E4810081262F /* ImageDisplayable.framework */ = {isa = PBXFileReference; explicitFileType = wrapper.framework; includeInIndex = 0; path = ImageDisplayable.framework; sourceTree = BUILT_PRODUCTS_DIR; };
		363D312F1FD8E4810081262F /* Info.plist */ = {isa = PBXFileReference; lastKnownFileType = text.plist.xml; path = Info.plist; sourceTree = "<group>"; };
		363D31341FD8E4810081262F /* ImageDisplayableTests.xctest */ = {isa = PBXFileReference; explicitFileType = wrapper.cfbundle; includeInIndex = 0; path = ImageDisplayableTests.xctest; sourceTree = BUILT_PRODUCTS_DIR; };
		363D31391FD8E4810081262F /* ImageDisplayableTests.swift */ = {isa = PBXFileReference; lastKnownFileType = sourcecode.swift; path = ImageDisplayableTests.swift; sourceTree = "<group>"; };
		363D313B1FD8E4810081262F /* Info.plist */ = {isa = PBXFileReference; lastKnownFileType = text.plist.xml; path = Info.plist; sourceTree = "<group>"; };
		363D31491FD8E73B0081262F /* Playground.playground */ = {isa = PBXFileReference; lastKnownFileType = file.playground; path = Playground.playground; sourceTree = "<group>"; xcLanguageSpecificationIdentifier = xcode.lang.swift; };
		36DC2E9B1FD8EA76009BA68F /* ImageDisplayable.h */ = {isa = PBXFileReference; fileEncoding = 4; lastKnownFileType = sourcecode.c.h; path = ImageDisplayable.h; sourceTree = "<group>"; };
		36DC2E9D1FD8EAF4009BA68F /* ImageDisplayable.swift */ = {isa = PBXFileReference; fileEncoding = 4; lastKnownFileType = sourcecode.swift; path = ImageDisplayable.swift; sourceTree = "<group>"; };
/* End PBXFileReference section */

/* Begin PBXFrameworksBuildPhase section */
		363D31271FD8E4810081262F /* Frameworks */ = {
			isa = PBXFrameworksBuildPhase;
			buildActionMask = 2147483647;
			files = (
			);
			runOnlyForDeploymentPostprocessing = 0;
		};
		363D31311FD8E4810081262F /* Frameworks */ = {
			isa = PBXFrameworksBuildPhase;
			buildActionMask = 2147483647;
			files = (
				363D31351FD8E4810081262F /* ImageDisplayable.framework in Frameworks */,
			);
			runOnlyForDeploymentPostprocessing = 0;
		};
/* End PBXFrameworksBuildPhase section */

/* Begin PBXGroup section */
		363D31211FD8E4810081262F = {
			isa = PBXGroup;
			children = (
				363D31491FD8E73B0081262F /* Playground.playground */,
				363D312D1FD8E4810081262F /* ImageDisplayable */,
				363D31381FD8E4810081262F /* ImageDisplayableTests */,
				363D312C1FD8E4810081262F /* Products */,
			);
			sourceTree = "<group>";
		};
		363D312C1FD8E4810081262F /* Products */ = {
			isa = PBXGroup;
			children = (
				363D312B1FD8E4810081262F /* ImageDisplayable.framework */,
				363D31341FD8E4810081262F /* ImageDisplayableTests.xctest */,
			);
			name = Products;
			sourceTree = "<group>";
		};
		363D312D1FD8E4810081262F /* ImageDisplayable */ = {
			isa = PBXGroup;
			children = (
				36DC2E9D1FD8EAF4009BA68F /* ImageDisplayable.swift */,
				36DC2E9B1FD8EA76009BA68F /* ImageDisplayable.h */,
				363D312F1FD8E4810081262F /* Info.plist */,
			);
			path = ImageDisplayable;
			sourceTree = "<group>";
		};
		363D31381FD8E4810081262F /* ImageDisplayableTests */ = {
			isa = PBXGroup;
			children = (
				363D31391FD8E4810081262F /* ImageDisplayableTests.swift */,
				363D313B1FD8E4810081262F /* Info.plist */,
			);
			path = ImageDisplayableTests;
			sourceTree = "<group>";
		};
/* End PBXGroup section */

/* Begin PBXHeadersBuildPhase section */
		363D31281FD8E4810081262F /* Headers */ = {
			isa = PBXHeadersBuildPhase;
			buildActionMask = 2147483647;
			files = (
				36DC2E9C1FD8EA76009BA68F /* ImageDisplayable.h in Headers */,
			);
			runOnlyForDeploymentPostprocessing = 0;
		};
/* End PBXHeadersBuildPhase section */

/* Begin PBXNativeTarget section */
		363D312A1FD8E4810081262F /* ImageDisplayable */ = {
			isa = PBXNativeTarget;
			buildConfigurationList = 363D313F1FD8E4810081262F /* Build configuration list for PBXNativeTarget "ImageDisplayable" */;
			buildPhases = (
				363D31261FD8E4810081262F /* Sources */,
				363D31271FD8E4810081262F /* Frameworks */,
				363D31281FD8E4810081262F /* Headers */,
				363D31291FD8E4810081262F /* Resources */,
			);
			buildRules = (
			);
			dependencies = (
			);
			name = ImageDisplayable;
			productName = ImageDisplayable;
			productReference = 363D312B1FD8E4810081262F /* ImageDisplayable.framework */;
			productType = "com.apple.product-type.framework";
		};
		363D31331FD8E4810081262F /* ImageDisplayableTests */ = {
			isa = PBXNativeTarget;
			buildConfigurationList = 363D31421FD8E4810081262F /* Build configuration list for PBXNativeTarget "ImageDisplayableTests" */;
			buildPhases = (
				363D31301FD8E4810081262F /* Sources */,
				363D31311FD8E4810081262F /* Frameworks */,
				363D31321FD8E4810081262F /* Resources */,
			);
			buildRules = (
			);
			dependencies = (
				363D31371FD8E4810081262F /* PBXTargetDependency */,
			);
			name = ImageDisplayableTests;
			productName = ImageDisplayableTests;
			productReference = 363D31341FD8E4810081262F /* ImageDisplayableTests.xctest */;
			productType = "com.apple.product-type.bundle.unit-test";
		};
/* End PBXNativeTarget section */

/* Begin PBXProject section */
		363D31221FD8E4810081262F /* Project object */ = {
			isa = PBXProject;
			attributes = {
				LastSwiftUpdateCheck = 0910;
				LastUpgradeCheck = 0910;
				ORGANIZATIONNAME = "Chandler De Angelis";
				TargetAttributes = {
					363D312A1FD8E4810081262F = {
						CreatedOnToolsVersion = 9.1;
						LastSwiftMigration = 0910;
						ProvisioningStyle = Automatic;
					};
					363D31331FD8E4810081262F = {
						CreatedOnToolsVersion = 9.1;
						ProvisioningStyle = Automatic;
					};
				};
			};
			buildConfigurationList = 363D31251FD8E4810081262F /* Build configuration list for PBXProject "ImageDisplayable" */;
			compatibilityVersion = "Xcode 8.0";
			developmentRegion = en;
			hasScannedForEncodings = 0;
			knownRegions = (
				en,
			);
			mainGroup = 363D31211FD8E4810081262F;
			productRefGroup = 363D312C1FD8E4810081262F /* Products */;
			projectDirPath = "";
			projectRoot = "";
			targets = (
				363D312A1FD8E4810081262F /* ImageDisplayable */,
				363D31331FD8E4810081262F /* ImageDisplayableTests */,
			);
		};
/* End PBXProject section */

/* Begin PBXResourcesBuildPhase section */
		363D31291FD8E4810081262F /* Resources */ = {
			isa = PBXResourcesBuildPhase;
			buildActionMask = 2147483647;
			files = (
			);
			runOnlyForDeploymentPostprocessing = 0;
		};
		363D31321FD8E4810081262F /* Resources */ = {
			isa = PBXResourcesBuildPhase;
			buildActionMask = 2147483647;
			files = (
			);
			runOnlyForDeploymentPostprocessing = 0;
		};
/* End PBXResourcesBuildPhase section */

/* Begin PBXSourcesBuildPhase section */
		363D31261FD8E4810081262F /* Sources */ = {
			isa = PBXSourcesBuildPhase;
			buildActionMask = 2147483647;
			files = (
				36DC2E9E1FD8EAF4009BA68F /* ImageDisplayable.swift in Sources */,
			);
			runOnlyForDeploymentPostprocessing = 0;
		};
		363D31301FD8E4810081262F /* Sources */ = {
			isa = PBXSourcesBuildPhase;
			buildActionMask = 2147483647;
			files = (
				363D313A1FD8E4810081262F /* ImageDisplayableTests.swift in Sources */,
			);
			runOnlyForDeploymentPostprocessing = 0;
		};
/* End PBXSourcesBuildPhase section */

/* Begin PBXTargetDependency section */
		363D31371FD8E4810081262F /* PBXTargetDependency */ = {
			isa = PBXTargetDependency;
			target = 363D312A1FD8E4810081262F /* ImageDisplayable */;
			targetProxy = 363D31361FD8E4810081262F /* PBXContainerItemProxy */;
		};
/* End PBXTargetDependency section */

/* Begin XCBuildConfiguration section */
		363D313D1FD8E4810081262F /* Debug */ = {
			isa = XCBuildConfiguration;
			buildSettings = {
				ALWAYS_SEARCH_USER_PATHS = NO;
				CLANG_ANALYZER_NONNULL = YES;
				CLANG_ANALYZER_NUMBER_OBJECT_CONVERSION = YES_AGGRESSIVE;
				CLANG_CXX_LANGUAGE_STANDARD = "gnu++14";
				CLANG_CXX_LIBRARY = "libc++";
				CLANG_ENABLE_MODULES = YES;
				CLANG_ENABLE_OBJC_ARC = YES;
				CLANG_WARN_BLOCK_CAPTURE_AUTORELEASING = YES;
				CLANG_WARN_BOOL_CONVERSION = YES;
				CLANG_WARN_COMMA = YES;
				CLANG_WARN_CONSTANT_CONVERSION = YES;
				CLANG_WARN_DIRECT_OBJC_ISA_USAGE = YES_ERROR;
				CLANG_WARN_DOCUMENTATION_COMMENTS = YES;
				CLANG_WARN_EMPTY_BODY = YES;
				CLANG_WARN_ENUM_CONVERSION = YES;
				CLANG_WARN_INFINITE_RECURSION = YES;
				CLANG_WARN_INT_CONVERSION = YES;
				CLANG_WARN_NON_LITERAL_NULL_CONVERSION = YES;
				CLANG_WARN_OBJC_LITERAL_CONVERSION = YES;
				CLANG_WARN_OBJC_ROOT_CLASS = YES_ERROR;
				CLANG_WARN_RANGE_LOOP_ANALYSIS = YES;
				CLANG_WARN_STRICT_PROTOTYPES = YES;
				CLANG_WARN_SUSPICIOUS_MOVE = YES;
				CLANG_WARN_UNGUARDED_AVAILABILITY = YES_AGGRESSIVE;
				CLANG_WARN_UNREACHABLE_CODE = YES;
				CLANG_WARN__DUPLICATE_METHOD_MATCH = YES;
				CODE_SIGN_IDENTITY = "iPhone Developer";
				COPY_PHASE_STRIP = NO;
				CURRENT_PROJECT_VERSION = 1;
				DEBUG_INFORMATION_FORMAT = dwarf;
				ENABLE_STRICT_OBJC_MSGSEND = YES;
				ENABLE_TESTABILITY = YES;
				GCC_C_LANGUAGE_STANDARD = gnu11;
				GCC_DYNAMIC_NO_PIC = NO;
				GCC_NO_COMMON_BLOCKS = YES;
				GCC_OPTIMIZATION_LEVEL = 0;
				GCC_PREPROCESSOR_DEFINITIONS = (
					"DEBUG=1",
					"$(inherited)",
				);
				GCC_WARN_64_TO_32_BIT_CONVERSION = YES;
				GCC_WARN_ABOUT_RETURN_TYPE = YES_ERROR;
				GCC_WARN_UNDECLARED_SELECTOR = YES;
				GCC_WARN_UNINITIALIZED_AUTOS = YES_AGGRESSIVE;
				GCC_WARN_UNUSED_FUNCTION = YES;
				GCC_WARN_UNUSED_VARIABLE = YES;
				IPHONEOS_DEPLOYMENT_TARGET = 11.1;
				MTL_ENABLE_DEBUG_INFO = YES;
				ONLY_ACTIVE_ARCH = YES;
				SDKROOT = iphoneos;
				SWIFT_ACTIVE_COMPILATION_CONDITIONS = DEBUG;
				SWIFT_OPTIMIZATION_LEVEL = "-Onone";
				VERSIONING_SYSTEM = "apple-generic";
				VERSION_INFO_PREFIX = "";
			};
			name = Debug;
		};
		363D313E1FD8E4810081262F /* Release */ = {
			isa = XCBuildConfiguration;
			buildSettings = {
				ALWAYS_SEARCH_USER_PATHS = NO;
				CLANG_ANALYZER_NONNULL = YES;
				CLANG_ANALYZER_NUMBER_OBJECT_CONVERSION = YES_AGGRESSIVE;
				CLANG_CXX_LANGUAGE_STANDARD = "gnu++14";
				CLANG_CXX_LIBRARY = "libc++";
				CLANG_ENABLE_MODULES = YES;
				CLANG_ENABLE_OBJC_ARC = YES;
				CLANG_WARN_BLOCK_CAPTURE_AUTORELEASING = YES;
				CLANG_WARN_BOOL_CONVERSION = YES;
				CLANG_WARN_COMMA = YES;
				CLANG_WARN_CONSTANT_CONVERSION = YES;
				CLANG_WARN_DIRECT_OBJC_ISA_USAGE = YES_ERROR;
				CLANG_WARN_DOCUMENTATION_COMMENTS = YES;
				CLANG_WARN_EMPTY_BODY = YES;
				CLANG_WARN_ENUM_CONVERSION = YES;
				CLANG_WARN_INFINITE_RECURSION = YES;
				CLANG_WARN_INT_CONVERSION = YES;
				CLANG_WARN_NON_LITERAL_NULL_CONVERSION = YES;
				CLANG_WARN_OBJC_LITERAL_CONVERSION = YES;
				CLANG_WARN_OBJC_ROOT_CLASS = YES_ERROR;
				CLANG_WARN_RANGE_LOOP_ANALYSIS = YES;
				CLANG_WARN_STRICT_PROTOTYPES = YES;
				CLANG_WARN_SUSPICIOUS_MOVE = YES;
				CLANG_WARN_UNGUARDED_AVAILABILITY = YES_AGGRESSIVE;
				CLANG_WARN_UNREACHABLE_CODE = YES;
				CLANG_WARN__DUPLICATE_METHOD_MATCH = YES;
				CODE_SIGN_IDENTITY = "iPhone Developer";
				COPY_PHASE_STRIP = NO;
				CURRENT_PROJECT_VERSION = 1;
				DEBUG_INFORMATION_FORMAT = "dwarf-with-dsym";
				ENABLE_NS_ASSERTIONS = NO;
				ENABLE_STRICT_OBJC_MSGSEND = YES;
				GCC_C_LANGUAGE_STANDARD = gnu11;
				GCC_NO_COMMON_BLOCKS = YES;
				GCC_WARN_64_TO_32_BIT_CONVERSION = YES;
				GCC_WARN_ABOUT_RETURN_TYPE = YES_ERROR;
				GCC_WARN_UNDECLARED_SELECTOR = YES;
				GCC_WARN_UNINITIALIZED_AUTOS = YES_AGGRESSIVE;
				GCC_WARN_UNUSED_FUNCTION = YES;
				GCC_WARN_UNUSED_VARIABLE = YES;
				IPHONEOS_DEPLOYMENT_TARGET = 11.1;
				MTL_ENABLE_DEBUG_INFO = NO;
				SDKROOT = iphoneos;
				SWIFT_OPTIMIZATION_LEVEL = "-Owholemodule";
				VALIDATE_PRODUCT = YES;
				VERSIONING_SYSTEM = "apple-generic";
				VERSION_INFO_PREFIX = "";
			};
			name = Release;
		};
		363D31401FD8E4810081262F /* Debug */ = {
			isa = XCBuildConfiguration;
			buildSettings = {
				CLANG_ENABLE_MODULES = YES;
				CODE_SIGN_IDENTITY = "";
				CODE_SIGN_STYLE = Automatic;
				DEFINES_MODULE = YES;
				DEVELOPMENT_TEAM = QR799DV75K;
				DYLIB_COMPATIBILITY_VERSION = 1;
				DYLIB_CURRENT_VERSION = 1;
				DYLIB_INSTALL_NAME_BASE = "@rpath";
				INFOPLIST_FILE = ImageDisplayable/Info.plist;
				INSTALL_PATH = "$(LOCAL_LIBRARY_DIR)/Frameworks";
				IPHONEOS_DEPLOYMENT_TARGET = 9.0;
				LD_RUNPATH_SEARCH_PATHS = "$(inherited) @executable_path/Frameworks @loader_path/Frameworks";
				PRODUCT_BUNDLE_IDENTIFIER = chandlerdea.ImageDisplayable;
				PRODUCT_NAME = "$(TARGET_NAME:c99extidentifier)";
				SKIP_INSTALL = YES;
				SWIFT_OPTIMIZATION_LEVEL = "-Onone";
				SWIFT_VERSION = 4.0;
				TARGETED_DEVICE_FAMILY = "1,2";
			};
			name = Debug;
		};
		363D31411FD8E4810081262F /* Release */ = {
			isa = XCBuildConfiguration;
			buildSettings = {
				CLANG_ENABLE_MODULES = YES;
				CODE_SIGN_IDENTITY = "";
				CODE_SIGN_STYLE = Automatic;
				DEFINES_MODULE = YES;
				DEVELOPMENT_TEAM = QR799DV75K;
				DYLIB_COMPATIBILITY_VERSION = 1;
				DYLIB_CURRENT_VERSION = 1;
				DYLIB_INSTALL_NAME_BASE = "@rpath";
				INFOPLIST_FILE = ImageDisplayable/Info.plist;
				INSTALL_PATH = "$(LOCAL_LIBRARY_DIR)/Frameworks";
				IPHONEOS_DEPLOYMENT_TARGET = 9.0;
				LD_RUNPATH_SEARCH_PATHS = "$(inherited) @executable_path/Frameworks @loader_path/Frameworks";
				PRODUCT_BUNDLE_IDENTIFIER = chandlerdea.ImageDisplayable;
				PRODUCT_NAME = "$(TARGET_NAME:c99extidentifier)";
				SKIP_INSTALL = YES;
				SWIFT_VERSION = 4.0;
				TARGETED_DEVICE_FAMILY = "1,2";
			};
			name = Release;
		};
		363D31431FD8E4810081262F /* Debug */ = {
			isa = XCBuildConfiguration;
			buildSettings = {
				ALWAYS_EMBED_SWIFT_STANDARD_LIBRARIES = YES;
				CODE_SIGN_STYLE = Automatic;
				DEVELOPMENT_TEAM = QR799DV75K;
				INFOPLIST_FILE = ImageDisplayableTests/Info.plist;
				LD_RUNPATH_SEARCH_PATHS = "$(inherited) @executable_path/Frameworks @loader_path/Frameworks";
				PRODUCT_BUNDLE_IDENTIFIER = chandlerdea.ImageDisplayableTests;
				PRODUCT_NAME = "$(TARGET_NAME)";
				SWIFT_VERSION = 4.0;
				TARGETED_DEVICE_FAMILY = "1,2";
			};
			name = Debug;
		};
		363D31441FD8E4810081262F /* Release */ = {
			isa = XCBuildConfiguration;
			buildSettings = {
				ALWAYS_EMBED_SWIFT_STANDARD_LIBRARIES = YES;
				CODE_SIGN_STYLE = Automatic;
				DEVELOPMENT_TEAM = QR799DV75K;
				INFOPLIST_FILE = ImageDisplayableTests/Info.plist;
				LD_RUNPATH_SEARCH_PATHS = "$(inherited) @executable_path/Frameworks @loader_path/Frameworks";
				PRODUCT_BUNDLE_IDENTIFIER = chandlerdea.ImageDisplayableTests;
				PRODUCT_NAME = "$(TARGET_NAME)";
				SWIFT_VERSION = 4.0;
				TARGETED_DEVICE_FAMILY = "1,2";
			};
			name = Release;
		};
/* End XCBuildConfiguration section */

/* Begin XCConfigurationList section */
		363D31251FD8E4810081262F /* Build configuration list for PBXProject "ImageDisplayable" */ = {
			isa = XCConfigurationList;
			buildConfigurations = (
				363D313D1FD8E4810081262F /* Debug */,
				363D313E1FD8E4810081262F /* Release */,
			);
			defaultConfigurationIsVisible = 0;
			defaultConfigurationName = Release;
		};
		363D313F1FD8E4810081262F /* Build configuration list for PBXNativeTarget "ImageDisplayable" */ = {
			isa = XCConfigurationList;
			buildConfigurations = (
				363D31401FD8E4810081262F /* Debug */,
				363D31411FD8E4810081262F /* Release */,
			);
			defaultConfigurationIsVisible = 0;
			defaultConfigurationName = Release;
		};
		363D31421FD8E4810081262F /* Build configuration list for PBXNativeTarget "ImageDisplayableTests" */ = {
			isa = XCConfigurationList;
			buildConfigurations = (
				363D31431FD8E4810081262F /* Debug */,
				363D31441FD8E4810081262F /* Release */,
			);
			defaultConfigurationIsVisible = 0;
			defaultConfigurationName = Release;
		};
/* End XCConfigurationList section */
	};
	rootObject = 363D31221FD8E4810081262F /* Project object */;
}
